
Microsoft Visual Studio Solution File, Format Version 12.00
# Visual Studio 15
VisualStudioVersion = 15.0.28307.168
MinimumVisualStudioVersion = 10.0.40219.1
Project("{FAE04EC0-301F-11D3-BF4B-00C04F79EFBC}") = "WebApplication1", "WebApplication1\WebApplication1.csproj", "{DDF43566-2D34-485F-821D-4C4F2D7D6B46}"
EndProject
Global
	GlobalSection(SolutionConfigurationPlatforms) = preSolution
		Debug|Any CPU = Debug|Any CPU
		Release|Any CPU = Release|Any CPU
	EndGlobalSection
	GlobalSection(ProjectConfigurationPlatforms) = postSolution
		{DDF43566-2D34-485F-821D-4C4F2D7D6B46}.Debug|Any CPU.ActiveCfg = Debug|Any CPU
		{DDF43566-2D34-485F-821D-4C4F2D7D6B46}.Debug|Any CPU.Build.0 = Debug|Any CPU
		{DDF43566-2D34-485F-821D-4C4F2D7D6B46}.Release|Any CPU.ActiveCfg = Release|Any CPU
		{DDF43566-2D34-485F-821D-4C4F2D7D6B46}.Release|Any CPU.Build.0 = Release|Any CPU
	EndGlobalSection
	GlobalSection(SolutionProperties) = preSolution
		HideSolutionNode = FALSE
	EndGlobalSection
	GlobalSection(ExtensibilityGlobals) = postSolution
		SolutionGuid = {6D4716E7-8145-4081-8C79-ACAACCECB66A}
	EndGlobalSection
EndGlobal
